{
  "name": "chainalysis_project",
  "version": "1.0.0",
  "lockfileVersion": 1,
  "requires": true,
  "dependencies": {
    "ccxt": {
      "version": "1.59.22",
      "resolved": "https://registry.npmjs.org/ccxt/-/ccxt-1.59.22.tgz",
      "integrity": "sha512-KatZIL+VdcYNZL5A58oxeuJaKx8aeifPleNKca/WAW8DQ+KPGUEnq52t8WedYWZx26SyY5Zoh7qnkRB2JJaWRQ=="
    }
  }
}
